
Microsoft Visual Studio Solution File, Format Version 12.00
# Visual Studio Version 17
VisualStudioVersion = 17.14.36121.58
MinimumVisualStudioVersion = 10.0.40219.1
Project("{FAE04EC0-301F-11D3-BF4B-00C04F79EFBC}") = "ControlFlow", "ControlFlow.csproj", "{5D818052-655C-4F86-9112-852120AC67BE}"
EndProject
Project("{FAE04EC0-301F-11D3-BF4B-00C04F79EFBC}") = "Abstractions", "..\Abstractions\Abstractions.csproj", "{C1991E22-C059-4DCA-BE57-D1F88BD14C8F}"
EndProject
Global
	GlobalSection(SolutionConfigurationPlatforms) = preSolution
		Debug|Any CPU = Debug|Any CPU
		Release|Any CPU = Release|Any CPU
	EndGlobalSection
	GlobalSection(ProjectConfigurationPlatforms) = postSolution
		{5D818052-655C-4F86-9112-852120AC67BE}.Debug|Any CPU.ActiveCfg = Debug|Any CPU
		{5D818052-655C-4F86-9112-852120AC67BE}.Debug|Any CPU.Build.0 = Debug|Any CPU
		{5D818052-655C-4F86-9112-852120AC67BE}.Release|Any CPU.ActiveCfg = Release|Any CPU
		{5D818052-655C-4F86-9112-852120AC67BE}.Release|Any CPU.Build.0 = Release|Any CPU
		{C1991E22-C059-4DCA-BE57-D1F88BD14C8F}.Debug|Any CPU.ActiveCfg = Debug|Any CPU
		{C1991E22-C059-4DCA-BE57-D1F88BD14C8F}.Debug|Any CPU.Build.0 = Debug|Any CPU
		{C1991E22-C059-4DCA-BE57-D1F88BD14C8F}.Release|Any CPU.ActiveCfg = Release|Any CPU
		{C1991E22-C059-4DCA-BE57-D1F88BD14C8F}.Release|Any CPU.Build.0 = Release|Any CPU
	EndGlobalSection
	GlobalSection(SolutionProperties) = preSolution
		HideSolutionNode = FALSE
	EndGlobalSection
	GlobalSection(ExtensibilityGlobals) = postSolution
		SolutionGuid = {AFDB11A7-9D59-4139-989F-F09073141EB8}
	EndGlobalSection
EndGlobal
